
Microsoft Visual Studio Solution File, Format Version 12.00
# Visual Studio Version 17
VisualStudioVersion = 17.1.32328.378
MinimumVisualStudioVersion = 10.0.40219.1
Project("{FAE04EC0-301F-11D3-BF4B-00C04F79EFBC}") = "WorkshopOfFellowShipProgram", "WorkshopOfFellowShipProgram.csproj", "{450E2741-704E-4D02-9F24-9147FD38DCAA}"
EndProject
Global
	GlobalSection(SolutionConfigurationPlatforms) = preSolution
		Debug|Any CPU = Debug|Any CPU
		Release|Any CPU = Release|Any CPU
	EndGlobalSection
	GlobalSection(ProjectConfigurationPlatforms) = postSolution
		{450E2741-704E-4D02-9F24-9147FD38DCAA}.Debug|Any CPU.ActiveCfg = Debug|Any CPU
		{450E2741-704E-4D02-9F24-9147FD38DCAA}.Debug|Any CPU.Build.0 = Debug|Any CPU
		{450E2741-704E-4D02-9F24-9147FD38DCAA}.Release|Any CPU.ActiveCfg = Release|Any CPU
		{450E2741-704E-4D02-9F24-9147FD38DCAA}.Release|Any CPU.Build.0 = Release|Any CPU
	EndGlobalSection
	GlobalSection(SolutionProperties) = preSolution
		HideSolutionNode = FALSE
	EndGlobalSection
	GlobalSection(ExtensibilityGlobals) = postSolution
		SolutionGuid = {44DD5C87-262B-4F59-BA63-4B62A9F8B306}
	EndGlobalSection
EndGlobal
